// !$*UTF8*$!
{
	archiveVersion = 1;
	classes = {
	};
	objectVersion = 48;
	objects = {

/* Begin PBXBuildFile section */
		4C70927F1FBF281B00C01E6C /* AnimatorViewController.swift in Sources */ = {isa = PBXBuildFile; fileRef = 4C70927E1FBF281B00C01E6C /* AnimatorViewController.swift */; };
		4C7092821FBF31FA00C01E6C /* TestViewController.swift in Sources */ = {isa = PBXBuildFile; fileRef = 4C7092811FBF31FA00C01E6C /* TestViewController.swift */; };
		4CFAC2DD1FBDE51800A3CA43 /* AppDelegate.swift in Sources */ = {isa = PBXBuildFile; fileRef = 4CFAC2DC1FBDE51800A3CA43 /* AppDelegate.swift */; };
		4CFAC2DF1FBDE51800A3CA43 /* ViewController.swift in Sources */ = {isa = PBXBuildFile; fileRef = 4CFAC2DE1FBDE51800A3CA43 /* ViewController.swift */; };
		4CFAC2E21FBDE51800A3CA43 /* Main.storyboard in Resources */ = {isa = PBXBuildFile; fileRef = 4CFAC2E01FBDE51800A3CA43 /* Main.storyboard */; };
		4CFAC2E51FBDE51800A3CA43 /* MasterProject.xcdatamodeld in Sources */ = {isa = PBXBuildFile; fileRef = 4CFAC2E31FBDE51800A3CA43 /* MasterProject.xcdatamodeld */; };
		4CFAC2E71FBDE51800A3CA43 /* Assets.xcassets in Resources */ = {isa = PBXBuildFile; fileRef = 4CFAC2E61FBDE51800A3CA43 /* Assets.xcassets */; };
		4CFAC2EA1FBDE51800A3CA43 /* LaunchScreen.storyboard in Resources */ = {isa = PBXBuildFile; fileRef = 4CFAC2E81FBDE51800A3CA43 /* LaunchScreen.storyboard */; };
		4CFAC2FB1FBDE52B00A3CA43 /* Logger.swift in Sources */ = {isa = PBXBuildFile; fileRef = 4CFAC2F41FBDE52A00A3CA43 /* Logger.swift */; };
/* End PBXBuildFile section */

/* Begin PBXContainerItemProxy section */
		4CFAC2F91FBDE52B00A3CA43 /* PBXContainerItemProxy */ = {
			isa = PBXContainerItemProxy;
			containerPortal = 4CFAC2F51FBDE52A00A3CA43 /* SlaveProject.xcodeproj */;
			proxyType = 2;
			remoteGlobalIDString = 4CFAC2C11FBDE4D300A3CA43;
			remoteInfo = SlaveProject;
		};
/* End PBXContainerItemProxy section */

/* Begin PBXFileReference section */
		4C70927E1FBF281B00C01E6C /* AnimatorViewController.swift */ = {isa = PBXFileReference; lastKnownFileType = sourcecode.swift; path = AnimatorViewController.swift; sourceTree = "<group>"; };
		4C7092811FBF31FA00C01E6C /* TestViewController.swift */ = {isa = PBXFileReference; lastKnownFileType = sourcecode.swift; path = TestViewController.swift; sourceTree = "<group>"; };
		4CFAC2D91FBDE51800A3CA43 /* MasterProject.app */ = {isa = PBXFileReference; explicitFileType = wrapper.application; includeInIndex = 0; path = MasterProject.app; sourceTree = BUILT_PRODUCTS_DIR; };
		4CFAC2DC1FBDE51800A3CA43 /* AppDelegate.swift */ = {isa = PBXFileReference; lastKnownFileType = sourcecode.swift; path = AppDelegate.swift; sourceTree = "<group>"; };
		4CFAC2DE1FBDE51800A3CA43 /* ViewController.swift */ = {isa = PBXFileReference; lastKnownFileType = sourcecode.swift; path = ViewController.swift; sourceTree = "<group>"; };
		4CFAC2E11FBDE51800A3CA43 /* Base */ = {isa = PBXFileReference; lastKnownFileType = file.storyboard; name = Base; path = Base.lproj/Main.storyboard; sourceTree = "<group>"; };
		4CFAC2E41FBDE51800A3CA43 /* MasterProject.xcdatamodel */ = {isa = PBXFileReference; lastKnownFileType = wrapper.xcdatamodel; path = MasterProject.xcdatamodel; sourceTree = "<group>"; };
		4CFAC2E61FBDE51800A3CA43 /* Assets.xcassets */ = {isa = PBXFileReference; lastKnownFileType = folder.assetcatalog; path = Assets.xcassets; sourceTree = "<group>"; };
		4CFAC2E91FBDE51800A3CA43 /* Base */ = {isa = PBXFileReference; lastKnownFileType = file.storyboard; name = Base; path = Base.lproj/LaunchScreen.storyboard; sourceTree = "<group>"; };
		4CFAC2EB1FBDE51800A3CA43 /* Info.plist */ = {isa = PBXFileReference; lastKnownFileType = text.plist.xml; path = Info.plist; sourceTree = "<group>"; };
		4CFAC2F31FBDE52A00A3CA43 /* SlaveProject-Bridging-Header.h */ = {isa = PBXFileReference; fileEncoding = 4; lastKnownFileType = sourcecode.c.h; path = "SlaveProject-Bridging-Header.h"; sourceTree = "<group>"; };
		4CFAC2F41FBDE52A00A3CA43 /* Logger.swift */ = {isa = PBXFileReference; fileEncoding = 4; lastKnownFileType = sourcecode.swift; path = Logger.swift; sourceTree = "<group>"; };
		4CFAC2F51FBDE52A00A3CA43 /* SlaveProject.xcodeproj */ = {isa = PBXFileReference; lastKnownFileType = "wrapper.pb-project"; path = SlaveProject.xcodeproj; sourceTree = "<group>"; };
/* End PBXFileReference section */

/* Begin PBXFrameworksBuildPhase section */
		4CFAC2D61FBDE51800A3CA43 /* Frameworks */ = {
			isa = PBXFrameworksBuildPhase;
			buildActionMask = 2147483647;
			files = (
			);
			runOnlyForDeploymentPostprocessing = 0;
		};
/* End PBXFrameworksBuildPhase section */

/* Begin PBXGroup section */
		4CFAC2D01FBDE51800A3CA43 = {
			isa = PBXGroup;
			children = (
				4CFAC2F11FBDE52A00A3CA43 /* SlaveProject */,
				4CFAC2DB1FBDE51800A3CA43 /* MasterProject */,
				4CFAC2DA1FBDE51800A3CA43 /* Products */,
			);
			sourceTree = "<group>";
		};
		4CFAC2DA1FBDE51800A3CA43 /* Products */ = {
			isa = PBXGroup;
			children = (
				4CFAC2D91FBDE51800A3CA43 /* MasterProject.app */,
			);
			name = Products;
			sourceTree = "<group>";
		};
		4CFAC2DB1FBDE51800A3CA43 /* MasterProject */ = {
			isa = PBXGroup;
			children = (
				4CFAC2DC1FBDE51800A3CA43 /* AppDelegate.swift */,
				4CFAC2DE1FBDE51800A3CA43 /* ViewController.swift */,
				4CFAC2E01FBDE51800A3CA43 /* Main.storyboard */,
				4CFAC2E61FBDE51800A3CA43 /* Assets.xcassets */,
				4CFAC2E81FBDE51800A3CA43 /* LaunchScreen.storyboard */,
				4CFAC2EB1FBDE51800A3CA43 /* Info.plist */,
				4CFAC2E31FBDE51800A3CA43 /* MasterProject.xcdatamodeld */,
				4C70927E1FBF281B00C01E6C /* AnimatorViewController.swift */,
				4C7092811FBF31FA00C01E6C /* TestViewController.swift */,
			);
			path = MasterProject;
			sourceTree = "<group>";
		};
		4CFAC2F11FBDE52A00A3CA43 /* SlaveProject */ = {
			isa = PBXGroup;
			children = (
				4CFAC2F21FBDE52A00A3CA43 /* SlaveProject */,
				4CFAC2F51FBDE52A00A3CA43 /* SlaveProject.xcodeproj */,
			);
			name = SlaveProject;
			path = ../SlaveProject;
			sourceTree = "<group>";
		};
		4CFAC2F21FBDE52A00A3CA43 /* SlaveProject */ = {
			isa = PBXGroup;
			children = (
				4CFAC2F31FBDE52A00A3CA43 /* SlaveProject-Bridging-Header.h */,
				4CFAC2F41FBDE52A00A3CA43 /* Logger.swift */,
			);
			path = SlaveProject;
			sourceTree = "<group>";
		};
		4CFAC2F61FBDE52A00A3CA43 /* Products */ = {
			isa = PBXGroup;
			children = (
				4CFAC2FA1FBDE52B00A3CA43 /* libSlaveProject.a */,
			);
			name = Products;
			sourceTree = "<group>";
		};
/* End PBXGroup section */

/* Begin PBXNativeTarget section */
		4CFAC2D81FBDE51800A3CA43 /* MasterProject */ = {
			isa = PBXNativeTarget;
			buildConfigurationList = 4CFAC2EE1FBDE51800A3CA43 /* Build configuration list for PBXNativeTarget "MasterProject" */;
			buildPhases = (
				4CFAC2D51FBDE51800A3CA43 /* Sources */,
				4CFAC2D61FBDE51800A3CA43 /* Frameworks */,
				4CFAC2D71FBDE51800A3CA43 /* Resources */,
			);
			buildRules = (
			);
			dependencies = (
			);
			name = MasterProject;
			productName = MasterProject;
			productReference = 4CFAC2D91FBDE51800A3CA43 /* MasterProject.app */;
			productType = "com.apple.product-type.application";
		};
/* End PBXNativeTarget section */

/* Begin PBXProject section */
		4CFAC2D11FBDE51800A3CA43 /* Project object */ = {
			isa = PBXProject;
			attributes = {
				LastSwiftUpdateCheck = 0910;
				LastUpgradeCheck = 0910;
				ORGANIZATIONNAME = "Michael Rothkegel";
				TargetAttributes = {
					4CFAC2D81FBDE51800A3CA43 = {
						CreatedOnToolsVersion = 9.1;
						ProvisioningStyle = Automatic;
					};
				};
			};
			buildConfigurationList = 4CFAC2D41FBDE51800A3CA43 /* Build configuration list for PBXProject "MasterProject" */;
			compatibilityVersion = "Xcode 8.0";
			developmentRegion = en;
			hasScannedForEncodings = 0;
			knownRegions = (
				en,
				Base,
			);
			mainGroup = 4CFAC2D01FBDE51800A3CA43;
			productRefGroup = 4CFAC2DA1FBDE51800A3CA43 /* Products */;
			projectDirPath = "";
			projectReferences = (
				{
					ProductGroup = 4CFAC2F61FBDE52A00A3CA43 /* Products */;
					ProjectRef = 4CFAC2F51FBDE52A00A3CA43 /* SlaveProject.xcodeproj */;
				},
			);
			projectRoot = "";
			targets = (
				4CFAC2D81FBDE51800A3CA43 /* MasterProject */,
			);
		};
/* End PBXProject section */

/* Begin PBXReferenceProxy section */
		4CFAC2FA1FBDE52B00A3CA43 /* libSlaveProject.a */ = {
			isa = PBXReferenceProxy;
			fileType = archive.ar;
			path = libSlaveProject.a;
			remoteRef = 4CFAC2F91FBDE52B00A3CA43 /* PBXContainerItemProxy */;
			sourceTree = BUILT_PRODUCTS_DIR;
		};
/* End PBXReferenceProxy section */

/* Begin PBXResourcesBuildPhase section */
		4CFAC2D71FBDE51800A3CA43 /* Resources */ = {
			isa = PBXResourcesBuildPhase;
			buildActionMask = 2147483647;
			files = (
				4CFAC2EA1FBDE51800A3CA43 /* LaunchScreen.storyboard in Resources */,
				4CFAC2E71FBDE51800A3CA43 /* Assets.xcassets in Resources */,
				4CFAC2E21FBDE51800A3CA43 /* Main.storyboard in Resources */,
			);
			runOnlyForDeploymentPostprocessing = 0;
		};
/* End PBXResourcesBuildPhase section */

/* Begin PBXSourcesBuildPhase section */
		4CFAC2D51FBDE51800A3CA43 /* Sources */ = {
			isa = PBXSourcesBuildPhase;
			buildActionMask = 2147483647;
			files = (
				4C70927F1FBF281B00C01E6C /* AnimatorViewController.swift in Sources */,
				4CFAC2DF1FBDE51800A3CA43 /* ViewController.swift in Sources */,
				4CFAC2E51FBDE51800A3CA43 /* MasterProject.xcdatamodeld in Sources */,
				4CFAC2DD1FBDE51800A3CA43 /* AppDelegate.swift in Sources */,
				4C7092821FBF31FA00C01E6C /* TestViewController.swift in Sources */,
				4CFAC2FB1FBDE52B00A3CA43 /* Logger.swift in Sources */,
			);
			runOnlyForDeploymentPostprocessing = 0;
		};
/* End PBXSourcesBuildPhase section */

/* Begin PBXVariantGroup section */
		4CFAC2E01FBDE51800A3CA43 /* Main.storyboard */ = {
			isa = PBXVariantGroup;
			children = (
				4CFAC2E11FBDE51800A3CA43 /* Base */,
			);
			name = Main.storyboard;
			sourceTree = "<group>";
		};
		4CFAC2E81FBDE51800A3CA43 /* LaunchScreen.storyboard */ = {
			isa = PBXVariantGroup;
			children = (
				4CFAC2E91FBDE51800A3CA43 /* Base */,
			);
			name = LaunchScreen.storyboard;
			sourceTree = "<group>";
		};
/* End PBXVariantGroup section */

/* Begin XCBuildConfiguration section */
		4CFAC2EC1FBDE51800A3CA43 /* Debug */ = {
			isa = XCBuildConfiguration;
			buildSettings = {
				ALWAYS_SEARCH_USER_PATHS = NO;
				CLANG_ANALYZER_NONNULL = YES;
				CLANG_ANALYZER_NUMBER_OBJECT_CONVERSION = YES_AGGRESSIVE;
				CLANG_CXX_LANGUAGE_STANDARD = "gnu++14";
				CLANG_CXX_LIBRARY = "libc++";
				CLANG_ENABLE_MODULES = YES;
				CLANG_ENABLE_OBJC_ARC = YES;
				CLANG_WARN_BLOCK_CAPTURE_AUTORELEASING = YES;
				CLANG_WARN_BOOL_CONVERSION = YES;
				CLANG_WARN_COMMA = YES;
				CLANG_WARN_CONSTANT_CONVERSION = YES;
				CLANG_WARN_DIRECT_OBJC_ISA_USAGE = YES_ERROR;
				CLANG_WARN_DOCUMENTATION_COMMENTS = YES;
				CLANG_WARN_EMPTY_BODY = YES;
				CLANG_WARN_ENUM_CONVERSION = YES;
				CLANG_WARN_INFINITE_RECURSION = YES;
				CLANG_WARN_INT_CONVERSION = YES;
				CLANG_WARN_NON_LITERAL_NULL_CONVERSION = YES;
				CLANG_WARN_OBJC_LITERAL_CONVERSION = YES;
				CLANG_WARN_OBJC_ROOT_CLASS = YES_ERROR;
				CLANG_WARN_RANGE_LOOP_ANALYSIS = YES;
				CLANG_WARN_STRICT_PROTOTYPES = YES;
				CLANG_WARN_SUSPICIOUS_MOVE = YES;
				CLANG_WARN_UNGUARDED_AVAILABILITY = YES_AGGRESSIVE;
				CLANG_WARN_UNREACHABLE_CODE = YES;
				CLANG_WARN__DUPLICATE_METHOD_MATCH = YES;
				CODE_SIGN_IDENTITY = "iPhone Developer";
				COPY_PHASE_STRIP = NO;
				DEBUG_INFORMATION_FORMAT = dwarf;
				ENABLE_STRICT_OBJC_MSGSEND = YES;
				ENABLE_TESTABILITY = YES;
				GCC_C_LANGUAGE_STANDARD = gnu11;
				GCC_DYNAMIC_NO_PIC = NO;
				GCC_NO_COMMON_BLOCKS = YES;
				GCC_OPTIMIZATION_LEVEL = 0;
				GCC_PREPROCESSOR_DEFINITIONS = (
					"DEBUG=1",
					"$(inherited)",
				);
				GCC_WARN_64_TO_32_BIT_CONVERSION = YES;
				GCC_WARN_ABOUT_RETURN_TYPE = YES_ERROR;
				GCC_WARN_UNDECLARED_SELECTOR = YES;
				GCC_WARN_UNINITIALIZED_AUTOS = YES_AGGRESSIVE;
				GCC_WARN_UNUSED_FUNCTION = YES;
				GCC_WARN_UNUSED_VARIABLE = YES;
				IPHONEOS_DEPLOYMENT_TARGET = 11.1;
				MTL_ENABLE_DEBUG_INFO = YES;
				ONLY_ACTIVE_ARCH = YES;
				SDKROOT = iphoneos;
				SWIFT_ACTIVE_COMPILATION_CONDITIONS = DEBUG;
				SWIFT_OPTIMIZATION_LEVEL = "-Onone";
			};
			name = Debug;
		};
		4CFAC2ED1FBDE51800A3CA43 /* Release */ = {
			isa = XCBuildConfiguration;
			buildSettings = {
				ALWAYS_SEARCH_USER_PATHS = NO;
				CLANG_ANALYZER_NONNULL = YES;
				CLANG_ANALYZER_NUMBER_OBJECT_CONVERSION = YES_AGGRESSIVE;
				CLANG_CXX_LANGUAGE_STANDARD = "gnu++14";
				CLANG_CXX_LIBRARY = "libc++";
				CLANG_ENABLE_MODULES = YES;
				CLANG_ENABLE_OBJC_ARC = YES;
				CLANG_WARN_BLOCK_CAPTURE_AUTORELEASING = YES;
				CLANG_WARN_BOOL_CONVERSION = YES;
				CLANG_WARN_COMMA = YES;
				CLANG_WARN_CONSTANT_CONVERSION = YES;
				CLANG_WARN_DIRECT_OBJC_ISA_USAGE = YES_ERROR;
				CLANG_WARN_DOCUMENTATION_COMMENTS = YES;
				CLANG_WARN_EMPTY_BODY = YES;
				CLANG_WARN_ENUM_CONVERSION = YES;
				CLANG_WARN_INFINITE_RECURSION = YES;
				CLANG_WARN_INT_CONVERSION = YES;
				CLANG_WARN_NON_LITERAL_NULL_CONVERSION = YES;
				CLANG_WARN_OBJC_LITERAL_CONVERSION = YES;
				CLANG_WARN_OBJC_ROOT_CLASS = YES_ERROR;
				CLANG_WARN_RANGE_LOOP_ANALYSIS = YES;
				CLANG_WARN_STRICT_PROTOTYPES = YES;
				CLANG_WARN_SUSPICIOUS_MOVE = YES;
				CLANG_WARN_UNGUARDED_AVAILABILITY = YES_AGGRESSIVE;
				CLANG_WARN_UNREACHABLE_CODE = YES;
				CLANG_WARN__DUPLICATE_METHOD_MATCH = YES;
				CODE_SIGN_IDENTITY = "iPhone Developer";
				COPY_PHASE_STRIP = NO;
				DEBUG_INFORMATION_FORMAT = "dwarf-with-dsym";
				ENABLE_NS_ASSERTIONS = NO;
				ENABLE_STRICT_OBJC_MSGSEND = YES;
				GCC_C_LANGUAGE_STANDARD = gnu11;
				GCC_NO_COMMON_BLOCKS = YES;
				GCC_WARN_64_TO_32_BIT_CONVERSION = YES;
				GCC_WARN_ABOUT_RETURN_TYPE = YES_ERROR;
				GCC_WARN_UNDECLARED_SELECTOR = YES;
				GCC_WARN_UNINITIALIZED_AUTOS = YES_AGGRESSIVE;
				GCC_WARN_UNUSED_FUNCTION = YES;
				GCC_WARN_UNUSED_VARIABLE = YES;
				IPHONEOS_DEPLOYMENT_TARGET = 11.1;
				MTL_ENABLE_DEBUG_INFO = NO;
				SDKROOT = iphoneos;
				SWIFT_OPTIMIZATION_LEVEL = "-Owholemodule";
				VALIDATE_PRODUCT = YES;
			};
			name = Release;
		};
		4CFAC2EF1FBDE51800A3CA43 /* Debug */ = {
			isa = XCBuildConfiguration;
			buildSettings = {
				ASSETCATALOG_COMPILER_APPICON_NAME = AppIcon;
				CODE_SIGN_STYLE = Automatic;
				DEVELOPMENT_TEAM = PVUVWBEA4L;
				INFOPLIST_FILE = MasterProject/Info.plist;
				LD_RUNPATH_SEARCH_PATHS = "$(inherited) @executable_path/Frameworks";
				PRODUCT_BUNDLE_IDENTIFIER = com.invers.MasterProject;
				PRODUCT_NAME = "$(TARGET_NAME)";
				SWIFT_VERSION = 4.0;
				TARGETED_DEVICE_FAMILY = "1,2";
			};
			name = Debug;
		};
		4CFAC2F01FBDE51800A3CA43 /* Release */ = {
			isa = XCBuildConfiguration;
			buildSettings = {
				ASSETCATALOG_COMPILER_APPICON_NAME = AppIcon;
				CODE_SIGN_STYLE = Automatic;
				DEVELOPMENT_TEAM = PVUVWBEA4L;
				INFOPLIST_FILE = MasterProject/Info.plist;
				LD_RUNPATH_SEARCH_PATHS = "$(inherited) @executable_path/Frameworks";
				PRODUCT_BUNDLE_IDENTIFIER = com.invers.MasterProject;
				PRODUCT_NAME = "$(TARGET_NAME)";
				SWIFT_VERSION = 4.0;
				TARGETED_DEVICE_FAMILY = "1,2";
			};
			name = Release;
		};
/* End XCBuildConfiguration section */

/* Begin XCConfigurationList section */
		4CFAC2D41FBDE51800A3CA43 /* Build configuration list for PBXProject "MasterProject" */ = {
			isa = XCConfigurationList;
			buildConfigurations = (
				4CFAC2EC1FBDE51800A3CA43 /* Debug */,
				4CFAC2ED1FBDE51800A3CA43 /* Release */,
			);
			defaultConfigurationIsVisible = 0;
			defaultConfigurationName = Release;
		};
		4CFAC2EE1FBDE51800A3CA43 /* Build configuration list for PBXNativeTarget "MasterProject" */ = {
			isa = XCConfigurationList;
			buildConfigurations = (
				4CFAC2EF1FBDE51800A3CA43 /* Debug */,
				4CFAC2F01FBDE51800A3CA43 /* Release */,
			);
			defaultConfigurationIsVisible = 0;
			defaultConfigurationName = Release;
		};
/* End XCConfigurationList section */

/* Begin XCVersionGroup section */
		4CFAC2E31FBDE51800A3CA43 /* MasterProject.xcdatamodeld */ = {
			isa = XCVersionGroup;
			children = (
				4CFAC2E41FBDE51800A3CA43 /* MasterProject.xcdatamodel */,
			);
			currentVersion = 4CFAC2E41FBDE51800A3CA43 /* MasterProject.xcdatamodel */;
			path = MasterProject.xcdatamodeld;
			sourceTree = "<group>";
			versionGroupType = wrapper.xcdatamodel;
		};
/* End XCVersionGroup section */
	};
	rootObject = 4CFAC2D11FBDE51800A3CA43 /* Project object */;
}
